// !$*UTF8*$!
{
	archiveVersion = 1;
	classes = {
	};
	objectVersion = 60;
	objects = {

/* Begin PBXBuildFile section */
		8309E3172D68AA4B00C480B7 /* swift_soroban_passkey_demoApp.swift in Sources */ = {isa = PBXBuildFile; fileRef = 8309E3162D68AA4B00C480B7 /* swift_soroban_passkey_demoApp.swift */; };
		8309E3192D68AA4B00C480B7 /* ContentView.swift in Sources */ = {isa = PBXBuildFile; fileRef = 8309E3182D68AA4B00C480B7 /* ContentView.swift */; };
		8309E31B2D68AA4D00C480B7 /* Assets.xcassets in Resources */ = {isa = PBXBuildFile; fileRef = 8309E31A2D68AA4D00C480B7 /* Assets.xcassets */; };
		8309E31E2D68AA4D00C480B7 /* Preview Assets.xcassets in Resources */ = {isa = PBXBuildFile; fileRef = 8309E31D2D68AA4D00C480B7 /* Preview Assets.xcassets */; };
		832EA3052D6C891300497FF9 /* StellarService.swift in Sources */ = {isa = PBXBuildFile; fileRef = 832EA3042D6C891300497FF9 /* StellarService.swift */; };
		832EA3072D6C8AC100497FF9 /* Constants.swift in Sources */ = {isa = PBXBuildFile; fileRef = 832EA3062D6C8AC100497FF9 /* Constants.swift */; };
		832EA3092D6C8D6C00497FF9 /* DemoError.swift in Sources */ = {isa = PBXBuildFile; fileRef = 832EA3082D6C8D6C00497FF9 /* DemoError.swift */; };
		832EA30B2D6C8F8000497FF9 /* AuthView.swift in Sources */ = {isa = PBXBuildFile; fileRef = 832EA30A2D6C8F8000497FF9 /* AuthView.swift */; };
		832EA30F2D6C8FC600497FF9 /* WalletView.swift in Sources */ = {isa = PBXBuildFile; fileRef = 832EA30E2D6C8FC600497FF9 /* WalletView.swift */; };
		832EA3112D6C931200497FF9 /* User.swift in Sources */ = {isa = PBXBuildFile; fileRef = 832EA3102D6C931200497FF9 /* User.swift */; };
		83A3A4562D6F552800F22F43 /* AlertToast in Frameworks */ = {isa = PBXBuildFile; productRef = 83A3A4552D6F552800F22F43 /* AlertToast */; };
		83A3A4592D71FBF200F22F43 /* SwiftPasskeyKit in Frameworks */ = {isa = PBXBuildFile; productRef = 83A3A4582D71FBF200F22F43 /* SwiftPasskeyKit */; };
		83A3A45C2D71FFD100F22F43 /* LICENSE in Resources */ = {isa = PBXBuildFile; fileRef = 83A3A45A2D71FFD100F22F43 /* LICENSE */; };
		83A3A45D2D71FFD100F22F43 /* README.md in Resources */ = {isa = PBXBuildFile; fileRef = 83A3A45B2D71FFD100F22F43 /* README.md */; };
/* End PBXBuildFile section */

/* Begin PBXFileReference section */
		8309E3132D68AA4B00C480B7 /* swift-soroban-passkey-demo.app */ = {isa = PBXFileReference; explicitFileType = wrapper.application; includeInIndex = 0; path = "swift-soroban-passkey-demo.app"; sourceTree = BUILT_PRODUCTS_DIR; };
		8309E3162D68AA4B00C480B7 /* swift_soroban_passkey_demoApp.swift */ = {isa = PBXFileReference; lastKnownFileType = sourcecode.swift; path = swift_soroban_passkey_demoApp.swift; sourceTree = "<group>"; };
		8309E3182D68AA4B00C480B7 /* ContentView.swift */ = {isa = PBXFileReference; lastKnownFileType = sourcecode.swift; path = ContentView.swift; sourceTree = "<group>"; };
		8309E31A2D68AA4D00C480B7 /* Assets.xcassets */ = {isa = PBXFileReference; lastKnownFileType = folder.assetcatalog; path = Assets.xcassets; sourceTree = "<group>"; };
		8309E31D2D68AA4D00C480B7 /* Preview Assets.xcassets */ = {isa = PBXFileReference; lastKnownFileType = folder.assetcatalog; path = "Preview Assets.xcassets"; sourceTree = "<group>"; };
		8309E32E2D68D31B00C480B7 /* swift-soroban-passkey-demo.entitlements */ = {isa = PBXFileReference; lastKnownFileType = text.plist.entitlements; path = "swift-soroban-passkey-demo.entitlements"; sourceTree = "<group>"; };
		832EA3042D6C891300497FF9 /* StellarService.swift */ = {isa = PBXFileReference; lastKnownFileType = sourcecode.swift; path = StellarService.swift; sourceTree = "<group>"; };
		832EA3062D6C8AC100497FF9 /* Constants.swift */ = {isa = PBXFileReference; lastKnownFileType = sourcecode.swift; path = Constants.swift; sourceTree = "<group>"; };
		832EA3082D6C8D6C00497FF9 /* DemoError.swift */ = {isa = PBXFileReference; lastKnownFileType = sourcecode.swift; path = DemoError.swift; sourceTree = "<group>"; };
		832EA30A2D6C8F8000497FF9 /* AuthView.swift */ = {isa = PBXFileReference; lastKnownFileType = sourcecode.swift; path = AuthView.swift; sourceTree = "<group>"; };
		832EA30E2D6C8FC600497FF9 /* WalletView.swift */ = {isa = PBXFileReference; lastKnownFileType = sourcecode.swift; path = WalletView.swift; sourceTree = "<group>"; };
		832EA3102D6C931200497FF9 /* User.swift */ = {isa = PBXFileReference; lastKnownFileType = sourcecode.swift; path = User.swift; sourceTree = "<group>"; };
		83A3A45A2D71FFD100F22F43 /* LICENSE */ = {isa = PBXFileReference; fileEncoding = 4; lastKnownFileType = text; path = LICENSE; sourceTree = "<group>"; };
		83A3A45B2D71FFD100F22F43 /* README.md */ = {isa = PBXFileReference; fileEncoding = 4; lastKnownFileType = net.daringfireball.markdown; path = README.md; sourceTree = "<group>"; };
/* End PBXFileReference section */

/* Begin PBXFrameworksBuildPhase section */
		8309E3102D68AA4B00C480B7 /* Frameworks */ = {
			isa = PBXFrameworksBuildPhase;
			buildActionMask = 2147483647;
			files = (
				83A3A4562D6F552800F22F43 /* AlertToast in Frameworks */,
				83A3A4592D71FBF200F22F43 /* SwiftPasskeyKit in Frameworks */,
			);
			runOnlyForDeploymentPostprocessing = 0;
		};
/* End PBXFrameworksBuildPhase section */

/* Begin PBXGroup section */
		8309E30A2D68AA4B00C480B7 = {
			isa = PBXGroup;
			children = (
				83A3A45A2D71FFD100F22F43 /* LICENSE */,
				83A3A45B2D71FFD100F22F43 /* README.md */,
				8309E3152D68AA4B00C480B7 /* swift-soroban-passkey-demo */,
				8309E3142D68AA4B00C480B7 /* Products */,
			);
			sourceTree = "<group>";
		};
		8309E3142D68AA4B00C480B7 /* Products */ = {
			isa = PBXGroup;
			children = (
				8309E3132D68AA4B00C480B7 /* swift-soroban-passkey-demo.app */,
			);
			name = Products;
			sourceTree = "<group>";
		};
		8309E3152D68AA4B00C480B7 /* swift-soroban-passkey-demo */ = {
			isa = PBXGroup;
			children = (
				8309E32E2D68D31B00C480B7 /* swift-soroban-passkey-demo.entitlements */,
				8309E3162D68AA4B00C480B7 /* swift_soroban_passkey_demoApp.swift */,
				8309E3182D68AA4B00C480B7 /* ContentView.swift */,
				8309E31A2D68AA4D00C480B7 /* Assets.xcassets */,
				8309E31C2D68AA4D00C480B7 /* Preview Content */,
				832EA3042D6C891300497FF9 /* StellarService.swift */,
				832EA3062D6C8AC100497FF9 /* Constants.swift */,
				832EA3082D6C8D6C00497FF9 /* DemoError.swift */,
				832EA30A2D6C8F8000497FF9 /* AuthView.swift */,
				832EA30E2D6C8FC600497FF9 /* WalletView.swift */,
				832EA3102D6C931200497FF9 /* User.swift */,
			);
			path = "swift-soroban-passkey-demo";
			sourceTree = "<group>";
		};
		8309E31C2D68AA4D00C480B7 /* Preview Content */ = {
			isa = PBXGroup;
			children = (
				8309E31D2D68AA4D00C480B7 /* Preview Assets.xcassets */,
			);
			path = "Preview Content";
			sourceTree = "<group>";
		};
/* End PBXGroup section */

/* Begin PBXNativeTarget section */
		8309E3122D68AA4B00C480B7 /* swift-soroban-passkey-demo */ = {
			isa = PBXNativeTarget;
			buildConfigurationList = 8309E3212D68AA4D00C480B7 /* Build configuration list for PBXNativeTarget "swift-soroban-passkey-demo" */;
			buildPhases = (
				8309E30F2D68AA4B00C480B7 /* Sources */,
				8309E3102D68AA4B00C480B7 /* Frameworks */,
				8309E3112D68AA4B00C480B7 /* Resources */,
			);
			buildRules = (
			);
			dependencies = (
			);
			name = "swift-soroban-passkey-demo";
			packageProductDependencies = (
				83A3A4552D6F552800F22F43 /* AlertToast */,
				83A3A4582D71FBF200F22F43 /* SwiftPasskeyKit */,
			);
			productName = "swift-soroban-passkey-demo";
			productReference = 8309E3132D68AA4B00C480B7 /* swift-soroban-passkey-demo.app */;
			productType = "com.apple.product-type.application";
		};
/* End PBXNativeTarget section */

/* Begin PBXProject section */
		8309E30B2D68AA4B00C480B7 /* Project object */ = {
			isa = PBXProject;
			attributes = {
				BuildIndependentTargetsInParallel = 1;
				LastSwiftUpdateCheck = 1540;
				LastUpgradeCheck = 1540;
				TargetAttributes = {
					8309E3122D68AA4B00C480B7 = {
						CreatedOnToolsVersion = 15.4;
					};
				};
			};
			buildConfigurationList = 8309E30E2D68AA4B00C480B7 /* Build configuration list for PBXProject "swift-soroban-passkey-demo" */;
			compatibilityVersion = "Xcode 14.0";
			developmentRegion = en;
			hasScannedForEncodings = 0;
			knownRegions = (
				en,
				Base,
			);
			mainGroup = 8309E30A2D68AA4B00C480B7;
			packageReferences = (
				83A3A4542D6F552800F22F43 /* XCRemoteSwiftPackageReference "AlertToast" */,
				83A3A4572D71FBF200F22F43 /* XCLocalSwiftPackageReference "../SwiftPasskeyKit" */,
			);
			productRefGroup = 8309E3142D68AA4B00C480B7 /* Products */;
			projectDirPath = "";
			projectRoot = "";
			targets = (
				8309E3122D68AA4B00C480B7 /* swift-soroban-passkey-demo */,
			);
		};
/* End PBXProject section */

/* Begin PBXResourcesBuildPhase section */
		8309E3112D68AA4B00C480B7 /* Resources */ = {
			isa = PBXResourcesBuildPhase;
			buildActionMask = 2147483647;
			files = (
				83A3A45C2D71FFD100F22F43 /* LICENSE in Resources */,
				8309E31E2D68AA4D00C480B7 /* Preview Assets.xcassets in Resources */,
				83A3A45D2D71FFD100F22F43 /* README.md in Resources */,
				8309E31B2D68AA4D00C480B7 /* Assets.xcassets in Resources */,
			);
			runOnlyForDeploymentPostprocessing = 0;
		};
/* End PBXResourcesBuildPhase section */

/* Begin PBXSourcesBuildPhase section */
		8309E30F2D68AA4B00C480B7 /* Sources */ = {
			isa = PBXSourcesBuildPhase;
			buildActionMask = 2147483647;
			files = (
				832EA3072D6C8AC100497FF9 /* Constants.swift in Sources */,
				832EA30B2D6C8F8000497FF9 /* AuthView.swift in Sources */,
				8309E3192D68AA4B00C480B7 /* ContentView.swift in Sources */,
				8309E3172D68AA4B00C480B7 /* swift_soroban_passkey_demoApp.swift in Sources */,
				832EA3112D6C931200497FF9 /* User.swift in Sources */,
				832EA3092D6C8D6C00497FF9 /* DemoError.swift in Sources */,
				832EA3052D6C891300497FF9 /* StellarService.swift in Sources */,
				832EA30F2D6C8FC600497FF9 /* WalletView.swift in Sources */,
			);
			runOnlyForDeploymentPostprocessing = 0;
		};
/* End PBXSourcesBuildPhase section */

/* Begin XCBuildConfiguration section */
		8309E31F2D68AA4D00C480B7 /* Debug */ = {
			isa = XCBuildConfiguration;
			buildSettings = {
				ALWAYS_SEARCH_USER_PATHS = NO;
				ASSETCATALOG_COMPILER_GENERATE_SWIFT_ASSET_SYMBOL_EXTENSIONS = YES;
				CLANG_ANALYZER_NONNULL = YES;
				CLANG_ANALYZER_NUMBER_OBJECT_CONVERSION = YES_AGGRESSIVE;
				CLANG_CXX_LANGUAGE_STANDARD = "gnu++20";
				CLANG_ENABLE_MODULES = YES;
				CLANG_ENABLE_OBJC_ARC = YES;
				CLANG_ENABLE_OBJC_WEAK = YES;
				CLANG_WARN_BLOCK_CAPTURE_AUTORELEASING = YES;
				CLANG_WARN_BOOL_CONVERSION = YES;
				CLANG_WARN_COMMA = YES;
				CLANG_WARN_CONSTANT_CONVERSION = YES;
				CLANG_WARN_DEPRECATED_OBJC_IMPLEMENTATIONS = YES;
				CLANG_WARN_DIRECT_OBJC_ISA_USAGE = YES_ERROR;
				CLANG_WARN_DOCUMENTATION_COMMENTS = YES;
				CLANG_WARN_EMPTY_BODY = YES;
				CLANG_WARN_ENUM_CONVERSION = YES;
				CLANG_WARN_INFINITE_RECURSION = YES;
				CLANG_WARN_INT_CONVERSION = YES;
				CLANG_WARN_NON_LITERAL_NULL_CONVERSION = YES;
				CLANG_WARN_OBJC_IMPLICIT_RETAIN_SELF = YES;
				CLANG_WARN_OBJC_LITERAL_CONVERSION = YES;
				CLANG_WARN_OBJC_ROOT_CLASS = YES_ERROR;
				CLANG_WARN_QUOTED_INCLUDE_IN_FRAMEWORK_HEADER = YES;
				CLANG_WARN_RANGE_LOOP_ANALYSIS = YES;
				CLANG_WARN_STRICT_PROTOTYPES = YES;
				CLANG_WARN_SUSPICIOUS_MOVE = YES;
				CLANG_WARN_UNGUARDED_AVAILABILITY = YES_AGGRESSIVE;
				CLANG_WARN_UNREACHABLE_CODE = YES;
				CLANG_WARN__DUPLICATE_METHOD_MATCH = YES;
				COPY_PHASE_STRIP = NO;
				DEBUG_INFORMATION_FORMAT = dwarf;
				ENABLE_STRICT_OBJC_MSGSEND = YES;
				ENABLE_TESTABILITY = YES;
				ENABLE_USER_SCRIPT_SANDBOXING = YES;
				GCC_C_LANGUAGE_STANDARD = gnu17;
				GCC_DYNAMIC_NO_PIC = NO;
				GCC_NO_COMMON_BLOCKS = YES;
				GCC_OPTIMIZATION_LEVEL = 0;
				GCC_PREPROCESSOR_DEFINITIONS = (
					"DEBUG=1",
					"$(inherited)",
				);
				GCC_WARN_64_TO_32_BIT_CONVERSION = YES;
				GCC_WARN_ABOUT_RETURN_TYPE = YES_ERROR;
				GCC_WARN_UNDECLARED_SELECTOR = YES;
				GCC_WARN_UNINITIALIZED_AUTOS = YES_AGGRESSIVE;
				GCC_WARN_UNUSED_FUNCTION = YES;
				GCC_WARN_UNUSED_VARIABLE = YES;
				IPHONEOS_DEPLOYMENT_TARGET = 17.0;
				LOCALIZATION_PREFERS_STRING_CATALOGS = YES;
				MTL_ENABLE_DEBUG_INFO = INCLUDE_SOURCE;
				MTL_FAST_MATH = YES;
				ONLY_ACTIVE_ARCH = YES;
				SDKROOT = iphoneos;
				SWIFT_ACTIVE_COMPILATION_CONDITIONS = "DEBUG $(inherited)";
				SWIFT_OPTIMIZATION_LEVEL = "-Onone";
			};
			name = Debug;
		};
		8309E3202D68AA4D00C480B7 /* Release */ = {
			isa = XCBuildConfiguration;
			buildSettings = {
				ALWAYS_SEARCH_USER_PATHS = NO;
				ASSETCATALOG_COMPILER_GENERATE_SWIFT_ASSET_SYMBOL_EXTENSIONS = YES;
				CLANG_ANALYZER_NONNULL = YES;
				CLANG_ANALYZER_NUMBER_OBJECT_CONVERSION = YES_AGGRESSIVE;
				CLANG_CXX_LANGUAGE_STANDARD = "gnu++20";
				CLANG_ENABLE_MODULES = YES;
				CLANG_ENABLE_OBJC_ARC = YES;
				CLANG_ENABLE_OBJC_WEAK = YES;
				CLANG_WARN_BLOCK_CAPTURE_AUTORELEASING = YES;
				CLANG_WARN_BOOL_CONVERSION = YES;
				CLANG_WARN_COMMA = YES;
				CLANG_WARN_CONSTANT_CONVERSION = YES;
				CLANG_WARN_DEPRECATED_OBJC_IMPLEMENTATIONS = YES;
				CLANG_WARN_DIRECT_OBJC_ISA_USAGE = YES_ERROR;
				CLANG_WARN_DOCUMENTATION_COMMENTS = YES;
				CLANG_WARN_EMPTY_BODY = YES;
				CLANG_WARN_ENUM_CONVERSION = YES;
				CLANG_WARN_INFINITE_RECURSION = YES;
				CLANG_WARN_INT_CONVERSION = YES;
				CLANG_WARN_NON_LITERAL_NULL_CONVERSION = YES;
				CLANG_WARN_OBJC_IMPLICIT_RETAIN_SELF = YES;
				CLANG_WARN_OBJC_LITERAL_CONVERSION = YES;
				CLANG_WARN_OBJC_ROOT_CLASS = YES_ERROR;
				CLANG_WARN_QUOTED_INCLUDE_IN_FRAMEWORK_HEADER = YES;
				CLANG_WARN_RANGE_LOOP_ANALYSIS = YES;
				CLANG_WARN_STRICT_PROTOTYPES = YES;
				CLANG_WARN_SUSPICIOUS_MOVE = YES;
				CLANG_WARN_UNGUARDED_AVAILABILITY = YES_AGGRESSIVE;
				CLANG_WARN_UNREACHABLE_CODE = YES;
				CLANG_WARN__DUPLICATE_METHOD_MATCH = YES;
				COPY_PHASE_STRIP = NO;
				DEBUG_INFORMATION_FORMAT = "dwarf-with-dsym";
				ENABLE_NS_ASSERTIONS = NO;
				ENABLE_STRICT_OBJC_MSGSEND = YES;
				ENABLE_USER_SCRIPT_SANDBOXING = YES;
				GCC_C_LANGUAGE_STANDARD = gnu17;
				GCC_NO_COMMON_BLOCKS = YES;
				GCC_WARN_64_TO_32_BIT_CONVERSION = YES;
				GCC_WARN_ABOUT_RETURN_TYPE = YES_ERROR;
				GCC_WARN_UNDECLARED_SELECTOR = YES;
				GCC_WARN_UNINITIALIZED_AUTOS = YES_AGGRESSIVE;
				GCC_WARN_UNUSED_FUNCTION = YES;
				GCC_WARN_UNUSED_VARIABLE = YES;
				IPHONEOS_DEPLOYMENT_TARGET = 17.0;
				LOCALIZATION_PREFERS_STRING_CATALOGS = YES;
				MTL_ENABLE_DEBUG_INFO = NO;
				MTL_FAST_MATH = YES;
				SDKROOT = iphoneos;
				SWIFT_COMPILATION_MODE = wholemodule;
				VALIDATE_PRODUCT = YES;
			};
			name = Release;
		};
		8309E3222D68AA4D00C480B7 /* Debug */ = {
			isa = XCBuildConfiguration;
			buildSettings = {
				ASSETCATALOG_COMPILER_APPICON_NAME = AppIcon;
				ASSETCATALOG_COMPILER_GLOBAL_ACCENT_COLOR_NAME = AccentColor;
				CODE_SIGN_ENTITLEMENTS = "swift-soroban-passkey-demo/swift-soroban-passkey-demo.entitlements";
				CODE_SIGN_IDENTITY = "Apple Development";
				CODE_SIGN_STYLE = Automatic;
				CURRENT_PROJECT_VERSION = 1;
				DEVELOPMENT_ASSET_PATHS = "\"swift-soroban-passkey-demo/Preview Content\"";
				DEVELOPMENT_TEAM = LB6PL7WFX2;
				ENABLE_PREVIEWS = YES;
				GENERATE_INFOPLIST_FILE = YES;
				INFOPLIST_KEY_UIApplicationSceneManifest_Generation = YES;
				INFOPLIST_KEY_UIApplicationSupportsIndirectInputEvents = YES;
				INFOPLIST_KEY_UILaunchScreen_Generation = YES;
				INFOPLIST_KEY_UISupportedInterfaceOrientations_iPad = "UIInterfaceOrientationPortrait UIInterfaceOrientationPortraitUpsideDown UIInterfaceOrientationLandscapeLeft UIInterfaceOrientationLandscapeRight";
				INFOPLIST_KEY_UISupportedInterfaceOrientations_iPhone = "UIInterfaceOrientationPortrait UIInterfaceOrientationLandscapeLeft UIInterfaceOrientationLandscapeRight";
				IPHONEOS_DEPLOYMENT_TARGET = 17.0;
				LD_RUNPATH_SEARCH_PATHS = (
					"$(inherited)",
					"@executable_path/Frameworks",
				);
				MARKETING_VERSION = 1.0;
				PRODUCT_BUNDLE_IDENTIFIER = "com.soneso.swift-soroban-passkey-demo";
				PRODUCT_NAME = "$(TARGET_NAME)";
				PROVISIONING_PROFILE_SPECIFIER = "";
				SWIFT_EMIT_LOC_STRINGS = YES;
				SWIFT_VERSION = 5.0;
				TARGETED_DEVICE_FAMILY = "1,2";
			};
			name = Debug;
		};
		8309E3232D68AA4D00C480B7 /* Release */ = {
			isa = XCBuildConfiguration;
			buildSettings = {
				ASSETCATALOG_COMPILER_APPICON_NAME = AppIcon;
				ASSETCATALOG_COMPILER_GLOBAL_ACCENT_COLOR_NAME = AccentColor;
				CODE_SIGN_ENTITLEMENTS = "swift-soroban-passkey-demo/swift-soroban-passkey-demo.entitlements";
				CODE_SIGN_IDENTITY = "Apple Development";
				CODE_SIGN_STYLE = Automatic;
				CURRENT_PROJECT_VERSION = 1;
				DEVELOPMENT_ASSET_PATHS = "\"swift-soroban-passkey-demo/Preview Content\"";
				DEVELOPMENT_TEAM = LB6PL7WFX2;
				ENABLE_PREVIEWS = YES;
				GENERATE_INFOPLIST_FILE = YES;
				INFOPLIST_KEY_UIApplicationSceneManifest_Generation = YES;
				INFOPLIST_KEY_UIApplicationSupportsIndirectInputEvents = YES;
				INFOPLIST_KEY_UILaunchScreen_Generation = YES;
				INFOPLIST_KEY_UISupportedInterfaceOrientations_iPad = "UIInterfaceOrientationPortrait UIInterfaceOrientationPortraitUpsideDown UIInterfaceOrientationLandscapeLeft UIInterfaceOrientationLandscapeRight";
				INFOPLIST_KEY_UISupportedInterfaceOrientations_iPhone = "UIInterfaceOrientationPortrait UIInterfaceOrientationLandscapeLeft UIInterfaceOrientationLandscapeRight";
				IPHONEOS_DEPLOYMENT_TARGET = 17.0;
				LD_RUNPATH_SEARCH_PATHS = (
					"$(inherited)",
					"@executable_path/Frameworks",
				);
				MARKETING_VERSION = 1.0;
				PRODUCT_BUNDLE_IDENTIFIER = "com.soneso.swift-soroban-passkey-demo";
				PRODUCT_NAME = "$(TARGET_NAME)";
				PROVISIONING_PROFILE_SPECIFIER = "";
				SWIFT_EMIT_LOC_STRINGS = YES;
				SWIFT_VERSION = 5.0;
				TARGETED_DEVICE_FAMILY = "1,2";
			};
			name = Release;
		};
/* End XCBuildConfiguration section */

/* Begin XCConfigurationList section */
		8309E30E2D68AA4B00C480B7 /* Build configuration list for PBXProject "swift-soroban-passkey-demo" */ = {
			isa = XCConfigurationList;
			buildConfigurations = (
				8309E31F2D68AA4D00C480B7 /* Debug */,
				8309E3202D68AA4D00C480B7 /* Release */,
			);
			defaultConfigurationIsVisible = 0;
			defaultConfigurationName = Release;
		};
		8309E3212D68AA4D00C480B7 /* Build configuration list for PBXNativeTarget "swift-soroban-passkey-demo" */ = {
			isa = XCConfigurationList;
			buildConfigurations = (
				8309E3222D68AA4D00C480B7 /* Debug */,
				8309E3232D68AA4D00C480B7 /* Release */,
			);
			defaultConfigurationIsVisible = 0;
			defaultConfigurationName = Release;
		};
/* End XCConfigurationList section */

/* Begin XCLocalSwiftPackageReference section */
		83A3A4572D71FBF200F22F43 /* XCLocalSwiftPackageReference "../SwiftPasskeyKit" */ = {
			isa = XCLocalSwiftPackageReference;
			relativePath = ../SwiftPasskeyKit;
		};
/* End XCLocalSwiftPackageReference section */

/* Begin XCRemoteSwiftPackageReference section */
		83A3A4542D6F552800F22F43 /* XCRemoteSwiftPackageReference "AlertToast" */ = {
			isa = XCRemoteSwiftPackageReference;
			repositoryURL = "https://github.com/elai950/AlertToast";
			requirement = {
				branch = master;
				kind = branch;
			};
		};
/* End XCRemoteSwiftPackageReference section */

/* Begin XCSwiftPackageProductDependency section */
		83A3A4552D6F552800F22F43 /* AlertToast */ = {
			isa = XCSwiftPackageProductDependency;
			package = 83A3A4542D6F552800F22F43 /* XCRemoteSwiftPackageReference "AlertToast" */;
			productName = AlertToast;
		};
		83A3A4582D71FBF200F22F43 /* SwiftPasskeyKit */ = {
			isa = XCSwiftPackageProductDependency;
			productName = SwiftPasskeyKit;
		};
/* End XCSwiftPackageProductDependency section */
	};
	rootObject = 8309E30B2D68AA4B00C480B7 /* Project object */;
}
