{
  "originHash" : "7d3f61cb4aff3511b269d588a65a4c657ab7960029d6579313796bcaaee935f4",
  "pins" : [
    {
      "identity" : "alerttoast",
      "kind" : "remoteSourceControl",
      "location" : "https://github.com/elai950/AlertToast",
      "state" : {
        "branch" : "master",
        "revision" : "76a1c1793cd3443001c20c6033beb84453b25d9f"
      }
    },
    {
      "identity" : "stellar-ios-mac-sdk",
      "kind" : "remoteSourceControl",
      "location" : "https://github.com/Soneso/stellar-ios-mac-sdk",
      "state" : {
        "revision" : "86ef8784537302f2229faf52ec01761f6aa59168",
        "version" : "3.0.6"
      }
    }
  ],
  "version" : 3
}
