{
  "originHash" : "104a704cf6af18d2cd5f1133c1a928d074d5ccf23f41f7fbc432d1447898758e",
  "pins" : [
    {
      "identity" : "alerttoast",
      "kind" : "remoteSourceControl",
      "location" : "https://github.com/elai950/AlertToast",
      "state" : {
        "branch" : "master",
        "revision" : "76a1c1793cd3443001c20c6033beb84453b25d9f"
      }
    },
    {
      "identity" : "stellar-ios-mac-sdk",
      "kind" : "remoteSourceControl",
      "location" : "https://github.com/Soneso/stellar-ios-mac-sdk",
      "state" : {
        "revision" : "86ef8784537302f2229faf52ec01761f6aa59168",
        "version" : "3.0.6"
      }
    },
    {
      "identity" : "swiftpasskeykit",
      "kind" : "remoteSourceControl",
      "location" : "https://github.com/Soneso/SwiftPasskeyKit",
      "state" : {
        "revision" : "4e72c879ae3f2f579e287e3f4d8b17a407ea6fa1",
        "version" : "0.0.1"
      }
    }
  ],
  "version" : 3
}
